
Microsoft Visual Studio Solution File, Format Version 12.00
# Visual Studio Version 16
VisualStudioVersion = 16.0.28315.86
MinimumVisualStudioVersion = 10.0.40219.1
Project("{FAE04EC0-301F-11D3-BF4B-00C04F79EFBC}") = "Universal Bot Framework", "Universal Bot Framework\Universal Bot Framework.csproj", "{A1B514E2-15F1-4604-B106-90273B4E67AA}"
EndProject
Global
	GlobalSection(SolutionConfigurationPlatforms) = preSolution
		Debug|Any CPU = Debug|Any CPU
		Release|Any CPU = Release|Any CPU
	EndGlobalSection
	GlobalSection(ProjectConfigurationPlatforms) = postSolution
		{A1B514E2-15F1-4604-B106-90273B4E67AA}.Debug|Any CPU.ActiveCfg = Debug|Any CPU
		{A1B514E2-15F1-4604-B106-90273B4E67AA}.Debug|Any CPU.Build.0 = Debug|Any CPU
		{A1B514E2-15F1-4604-B106-90273B4E67AA}.Release|Any CPU.ActiveCfg = Release|Any CPU
		{A1B514E2-15F1-4604-B106-90273B4E67AA}.Release|Any CPU.Build.0 = Release|Any CPU
	EndGlobalSection
	GlobalSection(SolutionProperties) = preSolution
		HideSolutionNode = FALSE
	EndGlobalSection
	GlobalSection(ExtensibilityGlobals) = postSolution
		SolutionGuid = {4142848D-5691-42B7-9DB1-2B38B0C6BF99}
	EndGlobalSection
EndGlobal
